
Microsoft Visual Studio Solution File, Format Version 12.00
# Visual Studio Version 16
VisualStudioVersion = 16.0.32802.440
MinimumVisualStudioVersion = 10.0.40219.1
Project("{FAE04EC0-301F-11D3-BF4B-00C04F79EFBC}") = "CornerStore Proyecto Final", "Proyecto fina\CornerStore Proyecto Final.csproj", "{4A3EE1C8-1662-4237-9C7D-C9E25F90B8B8}"
EndProject
Global
	GlobalSection(SolutionConfigurationPlatforms) = preSolution
		Debug|Any CPU = Debug|Any CPU
		Release|Any CPU = Release|Any CPU
	EndGlobalSection
	GlobalSection(ProjectConfigurationPlatforms) = postSolution
		{4A3EE1C8-1662-4237-9C7D-C9E25F90B8B8}.Debug|Any CPU.ActiveCfg = Debug|Any CPU
		{4A3EE1C8-1662-4237-9C7D-C9E25F90B8B8}.Debug|Any CPU.Build.0 = Debug|Any CPU
		{4A3EE1C8-1662-4237-9C7D-C9E25F90B8B8}.Release|Any CPU.ActiveCfg = Release|Any CPU
		{4A3EE1C8-1662-4237-9C7D-C9E25F90B8B8}.Release|Any CPU.Build.0 = Release|Any CPU
	EndGlobalSection
	GlobalSection(SolutionProperties) = preSolution
		HideSolutionNode = FALSE
	EndGlobalSection
	GlobalSection(ExtensibilityGlobals) = postSolution
		SolutionGuid = {FBE0CE2E-DA87-4E63-B64C-652F1B0FA820}
	EndGlobalSection
EndGlobal
